github.com/SolarisNeko/go-common-utils v0.1.1 h1:dfMVAHoqSfr43k3/438/FivCcJArt/c13miJDN+OQaI=
github.com/SolarisNeko/go-common-utils v0.1.1/go.mod h1:2zF49/ad5DjmBvsO3EX00n9Im9yklnUWQMlmlSHBqnc=
github.com/go-sql-driver/mysql v1.7.1 h1:lUIinVbN1DY0xBg0eMOzmmtGoHwWBbvnWubQUrtU8EI=
github.com/go-sql-driver/mysql v1.7.1/go.mod h1:OXbVy3sEdcQ2Doequ6Z5BW6fXNQTmx+9S1MCJN5yJMI=
